
Microsoft Visual Studio Solution File, Format Version 12.00
# Visual Studio 15
VisualStudioVersion = 15.0.33801.198
MinimumVisualStudioVersion = 10.0.40219.1
Project("{FAE04EC0-301F-11D3-BF4B-00C04F79EFBC}") = "Expenses Tracker", "Expenses Tracker\Expenses Tracker.csproj", "{8CBEF629-B51A-4F35-AB62-D6FBFA13FFFE}"
EndProject
Project("{FAE04EC0-301F-11D3-BF4B-00C04F79EFBC}") = "BO", "BO\BO.csproj", "{BE653AE4-28C8-469C-9E6D-2C4437228F8C}"
EndProject
Project("{FAE04EC0-301F-11D3-BF4B-00C04F79EFBC}") = "BAL", "BAL\BAL.csproj", "{720DB151-CD9C-41CF-AD65-CC0AD495074D}"
EndProject
Project("{FAE04EC0-301F-11D3-BF4B-00C04F79EFBC}") = "DAL", "DAL\DAL.csproj", "{13059710-2F11-4F84-873A-837B7EF471C8}"
EndProject
Global
	GlobalSection(SolutionConfigurationPlatforms) = preSolution
		Debug|Any CPU = Debug|Any CPU
		Release|Any CPU = Release|Any CPU
	EndGlobalSection
	GlobalSection(ProjectConfigurationPlatforms) = postSolution
		{8CBEF629-B51A-4F35-AB62-D6FBFA13FFFE}.Debug|Any CPU.ActiveCfg = Debug|Any CPU
		{8CBEF629-B51A-4F35-AB62-D6FBFA13FFFE}.Debug|Any CPU.Build.0 = Debug|Any CPU
		{8CBEF629-B51A-4F35-AB62-D6FBFA13FFFE}.Release|Any CPU.ActiveCfg = Release|Any CPU
		{8CBEF629-B51A-4F35-AB62-D6FBFA13FFFE}.Release|Any CPU.Build.0 = Release|Any CPU
		{BE653AE4-28C8-469C-9E6D-2C4437228F8C}.Debug|Any CPU.ActiveCfg = Debug|Any CPU
		{BE653AE4-28C8-469C-9E6D-2C4437228F8C}.Debug|Any CPU.Build.0 = Debug|Any CPU
		{BE653AE4-28C8-469C-9E6D-2C4437228F8C}.Release|Any CPU.ActiveCfg = Release|Any CPU
		{BE653AE4-28C8-469C-9E6D-2C4437228F8C}.Release|Any CPU.Build.0 = Release|Any CPU
		{720DB151-CD9C-41CF-AD65-CC0AD495074D}.Debug|Any CPU.ActiveCfg = Debug|Any CPU
		{720DB151-CD9C-41CF-AD65-CC0AD495074D}.Debug|Any CPU.Build.0 = Debug|Any CPU
		{720DB151-CD9C-41CF-AD65-CC0AD495074D}.Release|Any CPU.ActiveCfg = Release|Any CPU
		{720DB151-CD9C-41CF-AD65-CC0AD495074D}.Release|Any CPU.Build.0 = Release|Any CPU
		{13059710-2F11-4F84-873A-837B7EF471C8}.Debug|Any CPU.ActiveCfg = Debug|Any CPU
		{13059710-2F11-4F84-873A-837B7EF471C8}.Debug|Any CPU.Build.0 = Debug|Any CPU
		{13059710-2F11-4F84-873A-837B7EF471C8}.Release|Any CPU.ActiveCfg = Release|Any CPU
		{13059710-2F11-4F84-873A-837B7EF471C8}.Release|Any CPU.Build.0 = Release|Any CPU
	EndGlobalSection
	GlobalSection(SolutionProperties) = preSolution
		HideSolutionNode = FALSE
	EndGlobalSection
	GlobalSection(ExtensibilityGlobals) = postSolution
		SolutionGuid = {2470A3C0-B4F2-46F2-B797-A0CA707E222D}
	EndGlobalSection
EndGlobal
